{
  "name": "changhuoban",
  "version": "1.0.0",
  "lockfileVersion": 1,
  "requires": true,
  "dependencies": {
    "@dcloudio/uni-ui": {
      "version": "1.2.1",
      "resolved": "https://registry.npm.taobao.org/@dcloudio/uni-ui/download/@dcloudio/uni-ui-1.2.1.tgz",
      "integrity": "sha1-71h+z2UxK8iPxkdDhFIN3tvop+Y="
    }
  }
}
